
Microsoft Visual Studio Solution File, Format Version 12.00
# Visual Studio Version 17
VisualStudioVersion = 17.5.002.0
MinimumVisualStudioVersion = 10.0.40219.1
Project("{9A19103F-16F7-4668-BE54-9A1E7A4F7556}") = "cgsid", "cgsid.csproj", "{A9AE6ACA-5968-4C28-8D13-3DA77F942290}"
EndProject
Global
	GlobalSection(SolutionConfigurationPlatforms) = preSolution
		Debug|Any CPU = Debug|Any CPU
		Release|Any CPU = Release|Any CPU
	EndGlobalSection
	GlobalSection(ProjectConfigurationPlatforms) = postSolution
		{A9AE6ACA-5968-4C28-8D13-3DA77F942290}.Debug|Any CPU.ActiveCfg = Debug|Any CPU
		{A9AE6ACA-5968-4C28-8D13-3DA77F942290}.Debug|Any CPU.Build.0 = Debug|Any CPU
		{A9AE6ACA-5968-4C28-8D13-3DA77F942290}.Release|Any CPU.ActiveCfg = Release|Any CPU
		{A9AE6ACA-5968-4C28-8D13-3DA77F942290}.Release|Any CPU.Build.0 = Release|Any CPU
	EndGlobalSection
	GlobalSection(SolutionProperties) = preSolution
		HideSolutionNode = FALSE
	EndGlobalSection
	GlobalSection(ExtensibilityGlobals) = postSolution
		SolutionGuid = {CBC1FB48-AECF-4288-986A-E7CADBBE8F74}
	EndGlobalSection
EndGlobal
